
Microsoft Visual Studio Solution File, Format Version 12.00
# Visual Studio 2012
Project("{FAE04EC0-301F-11D3-BF4B-00C04F79EFBC}") = "01.ImportantMethodsOfTheStringClass", "01.ImportantMethodsOfTheStringClass\01.ImportantMethodsOfTheStringClass.csproj", "{6F8CFBFE-131B-4366-8597-E46E54AD262E}"
EndProject
Project("{FAE04EC0-301F-11D3-BF4B-00C04F79EFBC}") = "02.ReverseString", "02.ReverseString\02.ReverseString.csproj", "{E80AB45C-72AC-4021-9C5A-D225FA9FD2EB}"
EndProject
Project("{FAE04EC0-301F-11D3-BF4B-00C04F79EFBC}") = "03.Brackets", "03.Brackets\03.Brackets.csproj", "{C27F11AD-140B-4634-9E4D-FF61D2D8A6A7}"
EndProject
Project("{FAE04EC0-301F-11D3-BF4B-00C04F79EFBC}") = "04.SubstringOccurrences", "04.SubstringOccurrences\04.SubstringOccurrences.csproj", "{10073481-3375-45E4-A174-73244071FEED}"
EndProject
Project("{FAE04EC0-301F-11D3-BF4B-00C04F79EFBC}") = "05.ChangeText", "05.ChangeText\05.ChangeText.csproj", "{CBEE2935-B508-4652-AFA3-5594E05A9618}"
EndProject
Project("{FAE04EC0-301F-11D3-BF4B-00C04F79EFBC}") = "06.RestrictedLength", "06.RestrictedLength\06.RestrictedLength.csproj", "{A66EABAE-7972-4619-95C9-C20D975316E3}"
EndProject
Project("{FAE04EC0-301F-11D3-BF4B-00C04F79EFBC}") = "07.Encrypt", "07.Encrypt\07.Encrypt.csproj", "{BFBF2A67-E8FC-48A9-84A0-FD376FDB43D4}"
EndProject
Project("{FAE04EC0-301F-11D3-BF4B-00C04F79EFBC}") = "08.Extract", "08.Extract\08.Extract.csproj", "{86BCB5CB-6D55-439E-BA90-3868551CEA92}"
EndProject
Project("{FAE04EC0-301F-11D3-BF4B-00C04F79EFBC}") = "09.ForbiddenWords", "09.ForbiddenWords\09.ForbiddenWords.csproj", "{C92899AB-D225-4F98-B3E9-BFA73A1C82CB}"
EndProject
Project("{FAE04EC0-301F-11D3-BF4B-00C04F79EFBC}") = "10.ConvertToUnicode", "10.ConvertToUnicode\10.ConvertToUnicode.csproj", "{8BB03401-C0BB-450D-A6D1-59837C9A6A61}"
EndProject
Project("{FAE04EC0-301F-11D3-BF4B-00C04F79EFBC}") = "11.FormatNumbers", "11.FormatNumbers\11.FormatNumbers.csproj", "{F5E03806-7693-4B6E-B3BA-0784F4F85BB5}"
EndProject
Project("{FAE04EC0-301F-11D3-BF4B-00C04F79EFBC}") = "12.ParseURL", "12.ParseURL\12.ParseURL.csproj", "{89B0D7C0-C4E2-4C08-A235-DE527447FB71}"
EndProject
Project("{FAE04EC0-301F-11D3-BF4B-00C04F79EFBC}") = "13.ReverseWords", "13.ReverseWords\13.ReverseWords.csproj", "{9A6C3BE7-6674-48BE-92C3-32C6F5346BED}"
EndProject
Project("{FAE04EC0-301F-11D3-BF4B-00C04F79EFBC}") = "14.Dictionary", "14.Dictionary\14.Dictionary.csproj", "{03F60C59-BDBA-4621-A34C-FB403BE59657}"
EndProject
Project("{FAE04EC0-301F-11D3-BF4B-00C04F79EFBC}") = "15.ReplaceTags", "15.ReplaceTags\15.ReplaceTags.csproj", "{42341654-DABE-41D4-A700-7B689E19410C}"
EndProject
Project("{FAE04EC0-301F-11D3-BF4B-00C04F79EFBC}") = "16.DateDistance", "16.DateDistance\16.DateDistance.csproj", "{59B926E0-95F3-4010-96F3-402AF327A3A3}"
EndProject
Project("{FAE04EC0-301F-11D3-BF4B-00C04F79EFBC}") = "17.PrintNewDateAndTime", "17.PrintNewDateAndTime\17.PrintNewDateAndTime.csproj", "{A9E6457F-AE4F-41F3-A691-F916C08698A5}"
EndProject
Project("{FAE04EC0-301F-11D3-BF4B-00C04F79EFBC}") = "18.ExtractEmail", "18.ExtractEmail\18.ExtractEmail.csproj", "{CA78DF8C-5584-49DA-9115-F051550E0F0A}"
EndProject
Project("{FAE04EC0-301F-11D3-BF4B-00C04F79EFBC}") = "19.ExtractData", "19.ExtractData\19.ExtractData.csproj", "{FE7853E5-24F3-4C18-A833-0B150A0CC15F}"
EndProject
Project("{FAE04EC0-301F-11D3-BF4B-00C04F79EFBC}") = "20.ExtractPalindromes", "20.ExtractPalindromes\20.ExtractPalindromes.csproj", "{3A5DCD40-7032-4A6F-8374-E3E7F82BF3D5}"
EndProject
Project("{FAE04EC0-301F-11D3-BF4B-00C04F79EFBC}") = "21.LetterOccurrences", "21.LetterOccurrences\21.LetterOccurrences.csproj", "{B38C9DAF-5B61-45A7-B6EA-1FF667B4A730}"
EndProject
Project("{FAE04EC0-301F-11D3-BF4B-00C04F79EFBC}") = "22.WordOccurrences", "22.WordOccurrences\22.WordOccurrences.csproj", "{579C9F83-DB4B-4541-990F-19F1AC0CBD5C}"
EndProject
Project("{FAE04EC0-301F-11D3-BF4B-00C04F79EFBC}") = "23.ReplaceIdenticalLetters", "23.ReplaceIdenticalLetters\23.ReplaceIdenticalLetters.csproj", "{3620F5CB-025F-4FB4-852F-863797785BBF}"
EndProject
Project("{FAE04EC0-301F-11D3-BF4B-00C04F79EFBC}") = "24.SortWords", "24.SortWords\24.SortWords.csproj", "{77E9BD17-2DAB-4E52-B779-C9D1D2CDBDFD}"
EndProject
Project("{FAE04EC0-301F-11D3-BF4B-00C04F79EFBC}") = "25.ExtractTitleAndText", "25.ExtractTitleAndText\25.ExtractTitleAndText.csproj", "{28A7E966-0CC8-4425-BB0F-C164952A0E63}"
EndProject
Global
	GlobalSection(SolutionConfigurationPlatforms) = preSolution
		Debug|Any CPU = Debug|Any CPU
		Release|Any CPU = Release|Any CPU
	EndGlobalSection
	GlobalSection(ProjectConfigurationPlatforms) = postSolution
		{6F8CFBFE-131B-4366-8597-E46E54AD262E}.Debug|Any CPU.ActiveCfg = Debug|Any CPU
		{6F8CFBFE-131B-4366-8597-E46E54AD262E}.Debug|Any CPU.Build.0 = Debug|Any CPU
		{6F8CFBFE-131B-4366-8597-E46E54AD262E}.Release|Any CPU.ActiveCfg = Release|Any CPU
		{6F8CFBFE-131B-4366-8597-E46E54AD262E}.Release|Any CPU.Build.0 = Release|Any CPU
		{E80AB45C-72AC-4021-9C5A-D225FA9FD2EB}.Debug|Any CPU.ActiveCfg = Debug|Any CPU
		{E80AB45C-72AC-4021-9C5A-D225FA9FD2EB}.Debug|Any CPU.Build.0 = Debug|Any CPU
		{E80AB45C-72AC-4021-9C5A-D225FA9FD2EB}.Release|Any CPU.ActiveCfg = Release|Any CPU
		{E80AB45C-72AC-4021-9C5A-D225FA9FD2EB}.Release|Any CPU.Build.0 = Release|Any CPU
		{C27F11AD-140B-4634-9E4D-FF61D2D8A6A7}.Debug|Any CPU.ActiveCfg = Debug|Any CPU
		{C27F11AD-140B-4634-9E4D-FF61D2D8A6A7}.Debug|Any CPU.Build.0 = Debug|Any CPU
		{C27F11AD-140B-4634-9E4D-FF61D2D8A6A7}.Release|Any CPU.ActiveCfg = Release|Any CPU
		{C27F11AD-140B-4634-9E4D-FF61D2D8A6A7}.Release|Any CPU.Build.0 = Release|Any CPU
		{10073481-3375-45E4-A174-73244071FEED}.Debug|Any CPU.ActiveCfg = Debug|Any CPU
		{10073481-3375-45E4-A174-73244071FEED}.Debug|Any CPU.Build.0 = Debug|Any CPU
		{10073481-3375-45E4-A174-73244071FEED}.Release|Any CPU.ActiveCfg = Release|Any CPU
		{10073481-3375-45E4-A174-73244071FEED}.Release|Any CPU.Build.0 = Release|Any CPU
		{CBEE2935-B508-4652-AFA3-5594E05A9618}.Debug|Any CPU.ActiveCfg = Debug|Any CPU
		{CBEE2935-B508-4652-AFA3-5594E05A9618}.Debug|Any CPU.Build.0 = Debug|Any CPU
		{CBEE2935-B508-4652-AFA3-5594E05A9618}.Release|Any CPU.ActiveCfg = Release|Any CPU
		{CBEE2935-B508-4652-AFA3-5594E05A9618}.Release|Any CPU.Build.0 = Release|Any CPU
		{A66EABAE-7972-4619-95C9-C20D975316E3}.Debug|Any CPU.ActiveCfg = Debug|Any CPU
		{A66EABAE-7972-4619-95C9-C20D975316E3}.Debug|Any CPU.Build.0 = Debug|Any CPU
		{A66EABAE-7972-4619-95C9-C20D975316E3}.Release|Any CPU.ActiveCfg = Release|Any CPU
		{A66EABAE-7972-4619-95C9-C20D975316E3}.Release|Any CPU.Build.0 = Release|Any CPU
		{BFBF2A67-E8FC-48A9-84A0-FD376FDB43D4}.Debug|Any CPU.ActiveCfg = Debug|Any CPU
		{BFBF2A67-E8FC-48A9-84A0-FD376FDB43D4}.Debug|Any CPU.Build.0 = Debug|Any CPU
		{BFBF2A67-E8FC-48A9-84A0-FD376FDB43D4}.Release|Any CPU.ActiveCfg = Release|Any CPU
		{BFBF2A67-E8FC-48A9-84A0-FD376FDB43D4}.Release|Any CPU.Build.0 = Release|Any CPU
		{86BCB5CB-6D55-439E-BA90-3868551CEA92}.Debug|Any CPU.ActiveCfg = Debug|Any CPU
		{86BCB5CB-6D55-439E-BA90-3868551CEA92}.Debug|Any CPU.Build.0 = Debug|Any CPU
		{86BCB5CB-6D55-439E-BA90-3868551CEA92}.Release|Any CPU.ActiveCfg = Release|Any CPU
		{86BCB5CB-6D55-439E-BA90-3868551CEA92}.Release|Any CPU.Build.0 = Release|Any CPU
		{C92899AB-D225-4F98-B3E9-BFA73A1C82CB}.Debug|Any CPU.ActiveCfg = Debug|Any CPU
		{C92899AB-D225-4F98-B3E9-BFA73A1C82CB}.Debug|Any CPU.Build.0 = Debug|Any CPU
		{C92899AB-D225-4F98-B3E9-BFA73A1C82CB}.Release|Any CPU.ActiveCfg = Release|Any CPU
		{C92899AB-D225-4F98-B3E9-BFA73A1C82CB}.Release|Any CPU.Build.0 = Release|Any CPU
		{8BB03401-C0BB-450D-A6D1-59837C9A6A61}.Debug|Any CPU.ActiveCfg = Debug|Any CPU
		{8BB03401-C0BB-450D-A6D1-59837C9A6A61}.Debug|Any CPU.Build.0 = Debug|Any CPU
		{8BB03401-C0BB-450D-A6D1-59837C9A6A61}.Release|Any CPU.ActiveCfg = Release|Any CPU
		{8BB03401-C0BB-450D-A6D1-59837C9A6A61}.Release|Any CPU.Build.0 = Release|Any CPU
		{F5E03806-7693-4B6E-B3BA-0784F4F85BB5}.Debug|Any CPU.ActiveCfg = Debug|Any CPU
		{F5E03806-7693-4B6E-B3BA-0784F4F85BB5}.Debug|Any CPU.Build.0 = Debug|Any CPU
		{F5E03806-7693-4B6E-B3BA-0784F4F85BB5}.Release|Any CPU.ActiveCfg = Release|Any CPU
		{F5E03806-7693-4B6E-B3BA-0784F4F85BB5}.Release|Any CPU.Build.0 = Release|Any CPU
		{89B0D7C0-C4E2-4C08-A235-DE527447FB71}.Debug|Any CPU.ActiveCfg = Debug|Any CPU
		{89B0D7C0-C4E2-4C08-A235-DE527447FB71}.Debug|Any CPU.Build.0 = Debug|Any CPU
		{89B0D7C0-C4E2-4C08-A235-DE527447FB71}.Release|Any CPU.ActiveCfg = Release|Any CPU
		{89B0D7C0-C4E2-4C08-A235-DE527447FB71}.Release|Any CPU.Build.0 = Release|Any CPU
		{9A6C3BE7-6674-48BE-92C3-32C6F5346BED}.Debug|Any CPU.ActiveCfg = Debug|Any CPU
		{9A6C3BE7-6674-48BE-92C3-32C6F5346BED}.Debug|Any CPU.Build.0 = Debug|Any CPU
		{9A6C3BE7-6674-48BE-92C3-32C6F5346BED}.Release|Any CPU.ActiveCfg = Release|Any CPU
		{9A6C3BE7-6674-48BE-92C3-32C6F5346BED}.Release|Any CPU.Build.0 = Release|Any CPU
		{03F60C59-BDBA-4621-A34C-FB403BE59657}.Debug|Any CPU.ActiveCfg = Debug|Any CPU
		{03F60C59-BDBA-4621-A34C-FB403BE59657}.Debug|Any CPU.Build.0 = Debug|Any CPU
		{03F60C59-BDBA-4621-A34C-FB403BE59657}.Release|Any CPU.ActiveCfg = Release|Any CPU
		{03F60C59-BDBA-4621-A34C-FB403BE59657}.Release|Any CPU.Build.0 = Release|Any CPU
		{42341654-DABE-41D4-A700-7B689E19410C}.Debug|Any CPU.ActiveCfg = Debug|Any CPU
		{42341654-DABE-41D4-A700-7B689E19410C}.Debug|Any CPU.Build.0 = Debug|Any CPU
		{42341654-DABE-41D4-A700-7B689E19410C}.Release|Any CPU.ActiveCfg = Release|Any CPU
		{42341654-DABE-41D4-A700-7B689E19410C}.Release|Any CPU.Build.0 = Release|Any CPU
		{59B926E0-95F3-4010-96F3-402AF327A3A3}.Debug|Any CPU.ActiveCfg = Debug|Any CPU
		{59B926E0-95F3-4010-96F3-402AF327A3A3}.Debug|Any CPU.Build.0 = Debug|Any CPU
		{59B926E0-95F3-4010-96F3-402AF327A3A3}.Release|Any CPU.ActiveCfg = Release|Any CPU
		{59B926E0-95F3-4010-96F3-402AF327A3A3}.Release|Any CPU.Build.0 = Release|Any CPU
		{A9E6457F-AE4F-41F3-A691-F916C08698A5}.Debug|Any CPU.ActiveCfg = Debug|Any CPU
		{A9E6457F-AE4F-41F3-A691-F916C08698A5}.Debug|Any CPU.Build.0 = Debug|Any CPU
		{A9E6457F-AE4F-41F3-A691-F916C08698A5}.Release|Any CPU.ActiveCfg = Release|Any CPU
		{A9E6457F-AE4F-41F3-A691-F916C08698A5}.Release|Any CPU.Build.0 = Release|Any CPU
		{CA78DF8C-5584-49DA-9115-F051550E0F0A}.Debug|Any CPU.ActiveCfg = Debug|Any CPU
		{CA78DF8C-5584-49DA-9115-F051550E0F0A}.Debug|Any CPU.Build.0 = Debug|Any CPU
		{CA78DF8C-5584-49DA-9115-F051550E0F0A}.Release|Any CPU.ActiveCfg = Release|Any CPU
		{CA78DF8C-5584-49DA-9115-F051550E0F0A}.Release|Any CPU.Build.0 = Release|Any CPU
		{FE7853E5-24F3-4C18-A833-0B150A0CC15F}.Debug|Any CPU.ActiveCfg = Debug|Any CPU
		{FE7853E5-24F3-4C18-A833-0B150A0CC15F}.Debug|Any CPU.Build.0 = Debug|Any CPU
		{FE7853E5-24F3-4C18-A833-0B150A0CC15F}.Release|Any CPU.ActiveCfg = Release|Any CPU
		{FE7853E5-24F3-4C18-A833-0B150A0CC15F}.Release|Any CPU.Build.0 = Release|Any CPU
		{3A5DCD40-7032-4A6F-8374-E3E7F82BF3D5}.Debug|Any CPU.ActiveCfg = Debug|Any CPU
		{3A5DCD40-7032-4A6F-8374-E3E7F82BF3D5}.Debug|Any CPU.Build.0 = Debug|Any CPU
		{3A5DCD40-7032-4A6F-8374-E3E7F82BF3D5}.Release|Any CPU.ActiveCfg = Release|Any CPU
		{3A5DCD40-7032-4A6F-8374-E3E7F82BF3D5}.Release|Any CPU.Build.0 = Release|Any CPU
		{B38C9DAF-5B61-45A7-B6EA-1FF667B4A730}.Debug|Any CPU.ActiveCfg = Debug|Any CPU
		{B38C9DAF-5B61-45A7-B6EA-1FF667B4A730}.Debug|Any CPU.Build.0 = Debug|Any CPU
		{B38C9DAF-5B61-45A7-B6EA-1FF667B4A730}.Release|Any CPU.ActiveCfg = Release|Any CPU
		{B38C9DAF-5B61-45A7-B6EA-1FF667B4A730}.Release|Any CPU.Build.0 = Release|Any CPU
		{579C9F83-DB4B-4541-990F-19F1AC0CBD5C}.Debug|Any CPU.ActiveCfg = Debug|Any CPU
		{579C9F83-DB4B-4541-990F-19F1AC0CBD5C}.Debug|Any CPU.Build.0 = Debug|Any CPU
		{579C9F83-DB4B-4541-990F-19F1AC0CBD5C}.Release|Any CPU.ActiveCfg = Release|Any CPU
		{579C9F83-DB4B-4541-990F-19F1AC0CBD5C}.Release|Any CPU.Build.0 = Release|Any CPU
		{3620F5CB-025F-4FB4-852F-863797785BBF}.Debug|Any CPU.ActiveCfg = Debug|Any CPU
		{3620F5CB-025F-4FB4-852F-863797785BBF}.Debug|Any CPU.Build.0 = Debug|Any CPU
		{3620F5CB-025F-4FB4-852F-863797785BBF}.Release|Any CPU.ActiveCfg = Release|Any CPU
		{3620F5CB-025F-4FB4-852F-863797785BBF}.Release|Any CPU.Build.0 = Release|Any CPU
		{77E9BD17-2DAB-4E52-B779-C9D1D2CDBDFD}.Debug|Any CPU.ActiveCfg = Debug|Any CPU
		{77E9BD17-2DAB-4E52-B779-C9D1D2CDBDFD}.Debug|Any CPU.Build.0 = Debug|Any CPU
		{77E9BD17-2DAB-4E52-B779-C9D1D2CDBDFD}.Release|Any CPU.ActiveCfg = Release|Any CPU
		{77E9BD17-2DAB-4E52-B779-C9D1D2CDBDFD}.Release|Any CPU.Build.0 = Release|Any CPU
		{28A7E966-0CC8-4425-BB0F-C164952A0E63}.Debug|Any CPU.ActiveCfg = Debug|Any CPU
		{28A7E966-0CC8-4425-BB0F-C164952A0E63}.Debug|Any CPU.Build.0 = Debug|Any CPU
		{28A7E966-0CC8-4425-BB0F-C164952A0E63}.Release|Any CPU.ActiveCfg = Release|Any CPU
		{28A7E966-0CC8-4425-BB0F-C164952A0E63}.Release|Any CPU.Build.0 = Release|Any CPU
	EndGlobalSection
	GlobalSection(SolutionProperties) = preSolution
		HideSolutionNode = FALSE
	EndGlobalSection
EndGlobal
