
Microsoft Visual Studio Solution File, Format Version 12.00
# Visual Studio 2012
Project("{FAE04EC0-301F-11D3-BF4B-00C04F79EFBC}") = "MobileDevice", "MobileDevice\MobileDevice.csproj", "{249B171C-0752-4972-8987-6E555CC3B760}"
EndProject
Project("{FAE04EC0-301F-11D3-BF4B-00C04F79EFBC}") = "UI", "UI\UI.csproj", "{C82D9758-E08A-4A33-AE3A-C322E1E5EFDE}"
EndProject
Project("{FAE04EC0-301F-11D3-BF4B-00C04F79EFBC}") = "Test", "UnitTestProject1\Test.csproj", "{A18DE349-148F-4924-9848-84435B90953B}"
EndProject
Global
	GlobalSection(SolutionConfigurationPlatforms) = preSolution
		Debug|Any CPU = Debug|Any CPU
		Release|Any CPU = Release|Any CPU
	EndGlobalSection
	GlobalSection(ProjectConfigurationPlatforms) = postSolution
		{249B171C-0752-4972-8987-6E555CC3B760}.Debug|Any CPU.ActiveCfg = Debug|Any CPU
		{249B171C-0752-4972-8987-6E555CC3B760}.Debug|Any CPU.Build.0 = Debug|Any CPU
		{249B171C-0752-4972-8987-6E555CC3B760}.Release|Any CPU.ActiveCfg = Release|Any CPU
		{249B171C-0752-4972-8987-6E555CC3B760}.Release|Any CPU.Build.0 = Release|Any CPU
		{C82D9758-E08A-4A33-AE3A-C322E1E5EFDE}.Debug|Any CPU.ActiveCfg = Debug|Any CPU
		{C82D9758-E08A-4A33-AE3A-C322E1E5EFDE}.Debug|Any CPU.Build.0 = Debug|Any CPU
		{C82D9758-E08A-4A33-AE3A-C322E1E5EFDE}.Release|Any CPU.ActiveCfg = Release|Any CPU
		{C82D9758-E08A-4A33-AE3A-C322E1E5EFDE}.Release|Any CPU.Build.0 = Release|Any CPU
		{A18DE349-148F-4924-9848-84435B90953B}.Debug|Any CPU.ActiveCfg = Debug|Any CPU
		{A18DE349-148F-4924-9848-84435B90953B}.Debug|Any CPU.Build.0 = Debug|Any CPU
		{A18DE349-148F-4924-9848-84435B90953B}.Release|Any CPU.ActiveCfg = Release|Any CPU
		{A18DE349-148F-4924-9848-84435B90953B}.Release|Any CPU.Build.0 = Release|Any CPU
	EndGlobalSection
	GlobalSection(SolutionProperties) = preSolution
		HideSolutionNode = FALSE
	EndGlobalSection
EndGlobal
