
Microsoft Visual Studio Solution File, Format Version 12.00
# Visual Studio 2012
Project("{FAE04EC0-301F-11D3-BF4B-00C04F79EFBC}") = "Students.Services", "Students.Services\Students.Services.csproj", "{F097C65F-EC11-4C7F-A15D-77E02F149E26}"
EndProject
Project("{FAE04EC0-301F-11D3-BF4B-00C04F79EFBC}") = "Students.Models", "Students.Models\Students.Models.csproj", "{06E8F5F2-300A-47BE-9E90-BBE777884D24}"
EndProject
Project("{FAE04EC0-301F-11D3-BF4B-00C04F79EFBC}") = "Students.DataLayer", "Students.DataLayer\Students.DataLayer.csproj", "{58684F36-CB73-4CE5-8900-77B14E7C01F7}"
EndProject
Global
	GlobalSection(SolutionConfigurationPlatforms) = preSolution
		Debug|Any CPU = Debug|Any CPU
		Release|Any CPU = Release|Any CPU
	EndGlobalSection
	GlobalSection(ProjectConfigurationPlatforms) = postSolution
		{F097C65F-EC11-4C7F-A15D-77E02F149E26}.Debug|Any CPU.ActiveCfg = Debug|Any CPU
		{F097C65F-EC11-4C7F-A15D-77E02F149E26}.Debug|Any CPU.Build.0 = Debug|Any CPU
		{F097C65F-EC11-4C7F-A15D-77E02F149E26}.Release|Any CPU.ActiveCfg = Release|Any CPU
		{F097C65F-EC11-4C7F-A15D-77E02F149E26}.Release|Any CPU.Build.0 = Release|Any CPU
		{06E8F5F2-300A-47BE-9E90-BBE777884D24}.Debug|Any CPU.ActiveCfg = Debug|Any CPU
		{06E8F5F2-300A-47BE-9E90-BBE777884D24}.Debug|Any CPU.Build.0 = Debug|Any CPU
		{06E8F5F2-300A-47BE-9E90-BBE777884D24}.Release|Any CPU.ActiveCfg = Release|Any CPU
		{06E8F5F2-300A-47BE-9E90-BBE777884D24}.Release|Any CPU.Build.0 = Release|Any CPU
		{58684F36-CB73-4CE5-8900-77B14E7C01F7}.Debug|Any CPU.ActiveCfg = Debug|Any CPU
		{58684F36-CB73-4CE5-8900-77B14E7C01F7}.Debug|Any CPU.Build.0 = Debug|Any CPU
		{58684F36-CB73-4CE5-8900-77B14E7C01F7}.Release|Any CPU.ActiveCfg = Release|Any CPU
		{58684F36-CB73-4CE5-8900-77B14E7C01F7}.Release|Any CPU.Build.0 = Release|Any CPU
	EndGlobalSection
	GlobalSection(SolutionProperties) = preSolution
		HideSolutionNode = FALSE
	EndGlobalSection
EndGlobal
