
Microsoft Visual Studio Solution File, Format Version 12.00
# Visual Studio 2012
Project("{FAE04EC0-301F-11D3-BF4B-00C04F79EFBC}") = "01.PrintMatrix", "01.PrintMatrix\01.PrintMatrix.csproj", "{E76D9E9A-25FC-4C13-99AF-DC995E8A839E}"
EndProject
Project("{FAE04EC0-301F-11D3-BF4B-00C04F79EFBC}") = "02.FindSquare", "02.FindSquare\02.FindSquare.csproj", "{4402E856-FE2B-41C9-AB92-86E50E008C06}"
EndProject
Project("{FAE04EC0-301F-11D3-BF4B-00C04F79EFBC}") = "03.EqualStrings", "03.EqualStrings\03.EqualStrings.csproj", "{1501438E-FEBC-4628-8D57-075053842919}"
EndProject
Project("{FAE04EC0-301F-11D3-BF4B-00C04F79EFBC}") = "04.LargestSmallerOrEqualToK", "04.LargestSmallerOrEqualToK\04.LargestSmallerOrEqualToK.csproj", "{32CE5621-7AFD-4C29-87DC-FE429449B038}"
EndProject
Project("{FAE04EC0-301F-11D3-BF4B-00C04F79EFBC}") = "05.SortStringsByLength", "05.SortStringsByLength\05.SortStringsByLength.csproj", "{1F7BD812-7C55-4F7F-A017-3BECBFAC59F6}"
EndProject
Project("{FAE04EC0-301F-11D3-BF4B-00C04F79EFBC}") = "06.MatrixClass", "06.MatrixClass\06.MatrixClass.csproj", "{D2453BCB-7F86-463C-AE6C-B1D7BDD3F2E4}"
EndProject
Project("{FAE04EC0-301F-11D3-BF4B-00C04F79EFBC}") = "07.EqualNeighbourElements", "07.EqualNeighbourElements\07.EqualNeighbourElements.csproj", "{DF7890A6-6117-4FFD-862F-FEE618B709E4}"
EndProject
Global
	GlobalSection(SolutionConfigurationPlatforms) = preSolution
		Debug|Any CPU = Debug|Any CPU
		Release|Any CPU = Release|Any CPU
	EndGlobalSection
	GlobalSection(ProjectConfigurationPlatforms) = postSolution
		{E76D9E9A-25FC-4C13-99AF-DC995E8A839E}.Debug|Any CPU.ActiveCfg = Debug|Any CPU
		{E76D9E9A-25FC-4C13-99AF-DC995E8A839E}.Debug|Any CPU.Build.0 = Debug|Any CPU
		{E76D9E9A-25FC-4C13-99AF-DC995E8A839E}.Release|Any CPU.ActiveCfg = Release|Any CPU
		{E76D9E9A-25FC-4C13-99AF-DC995E8A839E}.Release|Any CPU.Build.0 = Release|Any CPU
		{4402E856-FE2B-41C9-AB92-86E50E008C06}.Debug|Any CPU.ActiveCfg = Debug|Any CPU
		{4402E856-FE2B-41C9-AB92-86E50E008C06}.Debug|Any CPU.Build.0 = Debug|Any CPU
		{4402E856-FE2B-41C9-AB92-86E50E008C06}.Release|Any CPU.ActiveCfg = Release|Any CPU
		{4402E856-FE2B-41C9-AB92-86E50E008C06}.Release|Any CPU.Build.0 = Release|Any CPU
		{1501438E-FEBC-4628-8D57-075053842919}.Debug|Any CPU.ActiveCfg = Debug|Any CPU
		{1501438E-FEBC-4628-8D57-075053842919}.Debug|Any CPU.Build.0 = Debug|Any CPU
		{1501438E-FEBC-4628-8D57-075053842919}.Release|Any CPU.ActiveCfg = Release|Any CPU
		{1501438E-FEBC-4628-8D57-075053842919}.Release|Any CPU.Build.0 = Release|Any CPU
		{32CE5621-7AFD-4C29-87DC-FE429449B038}.Debug|Any CPU.ActiveCfg = Debug|Any CPU
		{32CE5621-7AFD-4C29-87DC-FE429449B038}.Debug|Any CPU.Build.0 = Debug|Any CPU
		{32CE5621-7AFD-4C29-87DC-FE429449B038}.Release|Any CPU.ActiveCfg = Release|Any CPU
		{32CE5621-7AFD-4C29-87DC-FE429449B038}.Release|Any CPU.Build.0 = Release|Any CPU
		{1F7BD812-7C55-4F7F-A017-3BECBFAC59F6}.Debug|Any CPU.ActiveCfg = Debug|Any CPU
		{1F7BD812-7C55-4F7F-A017-3BECBFAC59F6}.Debug|Any CPU.Build.0 = Debug|Any CPU
		{1F7BD812-7C55-4F7F-A017-3BECBFAC59F6}.Release|Any CPU.ActiveCfg = Release|Any CPU
		{1F7BD812-7C55-4F7F-A017-3BECBFAC59F6}.Release|Any CPU.Build.0 = Release|Any CPU
		{D2453BCB-7F86-463C-AE6C-B1D7BDD3F2E4}.Debug|Any CPU.ActiveCfg = Debug|Any CPU
		{D2453BCB-7F86-463C-AE6C-B1D7BDD3F2E4}.Debug|Any CPU.Build.0 = Debug|Any CPU
		{D2453BCB-7F86-463C-AE6C-B1D7BDD3F2E4}.Release|Any CPU.ActiveCfg = Release|Any CPU
		{D2453BCB-7F86-463C-AE6C-B1D7BDD3F2E4}.Release|Any CPU.Build.0 = Release|Any CPU
		{DF7890A6-6117-4FFD-862F-FEE618B709E4}.Debug|Any CPU.ActiveCfg = Debug|Any CPU
		{DF7890A6-6117-4FFD-862F-FEE618B709E4}.Debug|Any CPU.Build.0 = Debug|Any CPU
		{DF7890A6-6117-4FFD-862F-FEE618B709E4}.Release|Any CPU.ActiveCfg = Release|Any CPU
		{DF7890A6-6117-4FFD-862F-FEE618B709E4}.Release|Any CPU.Build.0 = Release|Any CPU
	EndGlobalSection
	GlobalSection(SolutionProperties) = preSolution
		HideSolutionNode = FALSE
	EndGlobalSection
EndGlobal
