
Microsoft Visual Studio Solution File, Format Version 12.00
# Visual Studio 2012
Project("{FAE04EC0-301F-11D3-BF4B-00C04F79EFBC}") = "01.ReadAndMakeCalcsOfIntSequence", "01.ReadAndMakeCalcsOfIntSequence\01.ReadAndMakeCalcsOfIntSequence.csproj", "{7520D85D-BB60-4480-88C8-E35A654DC2AF}"
EndProject
Project("{FAE04EC0-301F-11D3-BF4B-00C04F79EFBC}") = "02.ReverseNumbersStack", "02.ReverseNumbersStack\02.ReverseNumbersStack.csproj", "{FD08A192-9967-444A-9E79-82633BE02F04}"
EndProject
Project("{FAE04EC0-301F-11D3-BF4B-00C04F79EFBC}") = "03.ReadAndSortsNumbers", "03.ReadAndSortsNumbers\03.ReadAndSortsNumbers.csproj", "{3DCBC494-5727-4B5E-849B-7AB270F784B3}"
EndProject
Project("{FAE04EC0-301F-11D3-BF4B-00C04F79EFBC}") = "04.LongestSubsequence", "04.LongestSubsequence\04.LongestSubsequence.csproj", "{29D21878-691C-471D-B15E-C5375C9EF5C8}"
EndProject
Project("{FAE04EC0-301F-11D3-BF4B-00C04F79EFBC}") = "Tests", "Tests\Tests.csproj", "{19F7E3E1-38C5-4EDE-B6AD-FDBE365AC6FC}"
EndProject
Project("{FAE04EC0-301F-11D3-BF4B-00C04F79EFBC}") = "05.RemoveNegativeNumbers", "05.RemoveNegativeNumbers\05.RemoveNegativeNumbers.csproj", "{61C336B1-7177-42CB-A33D-38EB5AB102E7}"
EndProject
Project("{FAE04EC0-301F-11D3-BF4B-00C04F79EFBC}") = "06.RemoveNumbersThatOccurOddNumberOfTimes", "06.RemoveNumbersThatOccurOddNumberOfTimes\06.RemoveNumbersThatOccurOddNumberOfTimes.csproj", "{9B18AB10-E2CB-48DC-B598-AEB5826C1BE4}"
EndProject
Project("{FAE04EC0-301F-11D3-BF4B-00C04F79EFBC}") = "07.FindIndegersInRangeAndNumOccurences", "07.FindIndegersInRangeAndNumOccurences\07.FindIndegersInRangeAndNumOccurences.csproj", "{63DE0DE8-8325-4D6E-B6F7-CB2E6A73D32E}"
EndProject
Project("{FAE04EC0-301F-11D3-BF4B-00C04F79EFBC}") = "08.FindMajorant", "08.FindMajorant\08.FindMajorant.csproj", "{D75E2CCE-40F0-4DA8-8A98-1D3F57D432CC}"
EndProject
Project("{FAE04EC0-301F-11D3-BF4B-00C04F79EFBC}") = "09.PrintFirstMembersFromSequence", "09.PrintFirstMembersFromSequence\09.PrintFirstMembersFromSequence.csproj", "{EA169891-869A-4AE7-8BA9-BED0214EDAF8}"
EndProject
Project("{FAE04EC0-301F-11D3-BF4B-00C04F79EFBC}") = "10.FindShortestSequenceOfOperations", "10.FindShortestSequenceOfOperations\10.FindShortestSequenceOfOperations.csproj", "{7A2E572C-806D-4014-B96C-6DCADA5A855B}"
EndProject
Project("{FAE04EC0-301F-11D3-BF4B-00C04F79EFBC}") = "11.LinkedList", "11.LinkedList\11.LinkedList.csproj", "{DE3EA8A5-6F66-4A1C-BF5C-EA6B3723623C}"
EndProject
Project("{FAE04EC0-301F-11D3-BF4B-00C04F79EFBC}") = "12.Stack", "12.Stack\12.Stack.csproj", "{7BBA11E1-7E1D-438D-A9C6-E837693B27E9}"
EndProject
Project("{FAE04EC0-301F-11D3-BF4B-00C04F79EFBC}") = "13.Queue", "13.Queue\13.Queue.csproj", "{6FD1967C-724C-4CEB-88F8-C14BE362BB70}"
EndProject
Project("{FAE04EC0-301F-11D3-BF4B-00C04F79EFBC}") = "14.Labyrinth", "14.Labyrinth\14.Labyrinth.csproj", "{FCE3B097-0258-405E-BD20-8E6A60A5945D}"
EndProject
Global
	GlobalSection(SolutionConfigurationPlatforms) = preSolution
		Debug|Any CPU = Debug|Any CPU
		Release|Any CPU = Release|Any CPU
	EndGlobalSection
	GlobalSection(ProjectConfigurationPlatforms) = postSolution
		{7520D85D-BB60-4480-88C8-E35A654DC2AF}.Debug|Any CPU.ActiveCfg = Debug|Any CPU
		{7520D85D-BB60-4480-88C8-E35A654DC2AF}.Debug|Any CPU.Build.0 = Debug|Any CPU
		{7520D85D-BB60-4480-88C8-E35A654DC2AF}.Release|Any CPU.ActiveCfg = Release|Any CPU
		{7520D85D-BB60-4480-88C8-E35A654DC2AF}.Release|Any CPU.Build.0 = Release|Any CPU
		{FD08A192-9967-444A-9E79-82633BE02F04}.Debug|Any CPU.ActiveCfg = Debug|Any CPU
		{FD08A192-9967-444A-9E79-82633BE02F04}.Debug|Any CPU.Build.0 = Debug|Any CPU
		{FD08A192-9967-444A-9E79-82633BE02F04}.Release|Any CPU.ActiveCfg = Release|Any CPU
		{FD08A192-9967-444A-9E79-82633BE02F04}.Release|Any CPU.Build.0 = Release|Any CPU
		{3DCBC494-5727-4B5E-849B-7AB270F784B3}.Debug|Any CPU.ActiveCfg = Debug|Any CPU
		{3DCBC494-5727-4B5E-849B-7AB270F784B3}.Debug|Any CPU.Build.0 = Debug|Any CPU
		{3DCBC494-5727-4B5E-849B-7AB270F784B3}.Release|Any CPU.ActiveCfg = Release|Any CPU
		{3DCBC494-5727-4B5E-849B-7AB270F784B3}.Release|Any CPU.Build.0 = Release|Any CPU
		{29D21878-691C-471D-B15E-C5375C9EF5C8}.Debug|Any CPU.ActiveCfg = Debug|Any CPU
		{29D21878-691C-471D-B15E-C5375C9EF5C8}.Debug|Any CPU.Build.0 = Debug|Any CPU
		{29D21878-691C-471D-B15E-C5375C9EF5C8}.Release|Any CPU.ActiveCfg = Release|Any CPU
		{29D21878-691C-471D-B15E-C5375C9EF5C8}.Release|Any CPU.Build.0 = Release|Any CPU
		{19F7E3E1-38C5-4EDE-B6AD-FDBE365AC6FC}.Debug|Any CPU.ActiveCfg = Debug|Any CPU
		{19F7E3E1-38C5-4EDE-B6AD-FDBE365AC6FC}.Debug|Any CPU.Build.0 = Debug|Any CPU
		{19F7E3E1-38C5-4EDE-B6AD-FDBE365AC6FC}.Release|Any CPU.ActiveCfg = Release|Any CPU
		{19F7E3E1-38C5-4EDE-B6AD-FDBE365AC6FC}.Release|Any CPU.Build.0 = Release|Any CPU
		{61C336B1-7177-42CB-A33D-38EB5AB102E7}.Debug|Any CPU.ActiveCfg = Debug|Any CPU
		{61C336B1-7177-42CB-A33D-38EB5AB102E7}.Debug|Any CPU.Build.0 = Debug|Any CPU
		{61C336B1-7177-42CB-A33D-38EB5AB102E7}.Release|Any CPU.ActiveCfg = Release|Any CPU
		{61C336B1-7177-42CB-A33D-38EB5AB102E7}.Release|Any CPU.Build.0 = Release|Any CPU
		{9B18AB10-E2CB-48DC-B598-AEB5826C1BE4}.Debug|Any CPU.ActiveCfg = Debug|Any CPU
		{9B18AB10-E2CB-48DC-B598-AEB5826C1BE4}.Debug|Any CPU.Build.0 = Debug|Any CPU
		{9B18AB10-E2CB-48DC-B598-AEB5826C1BE4}.Release|Any CPU.ActiveCfg = Release|Any CPU
		{9B18AB10-E2CB-48DC-B598-AEB5826C1BE4}.Release|Any CPU.Build.0 = Release|Any CPU
		{63DE0DE8-8325-4D6E-B6F7-CB2E6A73D32E}.Debug|Any CPU.ActiveCfg = Debug|Any CPU
		{63DE0DE8-8325-4D6E-B6F7-CB2E6A73D32E}.Debug|Any CPU.Build.0 = Debug|Any CPU
		{63DE0DE8-8325-4D6E-B6F7-CB2E6A73D32E}.Release|Any CPU.ActiveCfg = Release|Any CPU
		{63DE0DE8-8325-4D6E-B6F7-CB2E6A73D32E}.Release|Any CPU.Build.0 = Release|Any CPU
		{D75E2CCE-40F0-4DA8-8A98-1D3F57D432CC}.Debug|Any CPU.ActiveCfg = Debug|Any CPU
		{D75E2CCE-40F0-4DA8-8A98-1D3F57D432CC}.Debug|Any CPU.Build.0 = Debug|Any CPU
		{D75E2CCE-40F0-4DA8-8A98-1D3F57D432CC}.Release|Any CPU.ActiveCfg = Release|Any CPU
		{D75E2CCE-40F0-4DA8-8A98-1D3F57D432CC}.Release|Any CPU.Build.0 = Release|Any CPU
		{EA169891-869A-4AE7-8BA9-BED0214EDAF8}.Debug|Any CPU.ActiveCfg = Debug|Any CPU
		{EA169891-869A-4AE7-8BA9-BED0214EDAF8}.Debug|Any CPU.Build.0 = Debug|Any CPU
		{EA169891-869A-4AE7-8BA9-BED0214EDAF8}.Release|Any CPU.ActiveCfg = Release|Any CPU
		{EA169891-869A-4AE7-8BA9-BED0214EDAF8}.Release|Any CPU.Build.0 = Release|Any CPU
		{7A2E572C-806D-4014-B96C-6DCADA5A855B}.Debug|Any CPU.ActiveCfg = Debug|Any CPU
		{7A2E572C-806D-4014-B96C-6DCADA5A855B}.Debug|Any CPU.Build.0 = Debug|Any CPU
		{7A2E572C-806D-4014-B96C-6DCADA5A855B}.Release|Any CPU.ActiveCfg = Release|Any CPU
		{7A2E572C-806D-4014-B96C-6DCADA5A855B}.Release|Any CPU.Build.0 = Release|Any CPU
		{DE3EA8A5-6F66-4A1C-BF5C-EA6B3723623C}.Debug|Any CPU.ActiveCfg = Debug|Any CPU
		{DE3EA8A5-6F66-4A1C-BF5C-EA6B3723623C}.Debug|Any CPU.Build.0 = Debug|Any CPU
		{DE3EA8A5-6F66-4A1C-BF5C-EA6B3723623C}.Release|Any CPU.ActiveCfg = Release|Any CPU
		{DE3EA8A5-6F66-4A1C-BF5C-EA6B3723623C}.Release|Any CPU.Build.0 = Release|Any CPU
		{7BBA11E1-7E1D-438D-A9C6-E837693B27E9}.Debug|Any CPU.ActiveCfg = Debug|Any CPU
		{7BBA11E1-7E1D-438D-A9C6-E837693B27E9}.Debug|Any CPU.Build.0 = Debug|Any CPU
		{7BBA11E1-7E1D-438D-A9C6-E837693B27E9}.Release|Any CPU.ActiveCfg = Release|Any CPU
		{7BBA11E1-7E1D-438D-A9C6-E837693B27E9}.Release|Any CPU.Build.0 = Release|Any CPU
		{6FD1967C-724C-4CEB-88F8-C14BE362BB70}.Debug|Any CPU.ActiveCfg = Debug|Any CPU
		{6FD1967C-724C-4CEB-88F8-C14BE362BB70}.Debug|Any CPU.Build.0 = Debug|Any CPU
		{6FD1967C-724C-4CEB-88F8-C14BE362BB70}.Release|Any CPU.ActiveCfg = Release|Any CPU
		{6FD1967C-724C-4CEB-88F8-C14BE362BB70}.Release|Any CPU.Build.0 = Release|Any CPU
		{FCE3B097-0258-405E-BD20-8E6A60A5945D}.Debug|Any CPU.ActiveCfg = Debug|Any CPU
		{FCE3B097-0258-405E-BD20-8E6A60A5945D}.Debug|Any CPU.Build.0 = Debug|Any CPU
		{FCE3B097-0258-405E-BD20-8E6A60A5945D}.Release|Any CPU.ActiveCfg = Release|Any CPU
		{FCE3B097-0258-405E-BD20-8E6A60A5945D}.Release|Any CPU.Build.0 = Release|Any CPU
	EndGlobalSection
	GlobalSection(SolutionProperties) = preSolution
		HideSolutionNode = FALSE
	EndGlobalSection
EndGlobal
