
Microsoft Visual Studio Solution File, Format Version 12.00
# Visual Studio 2012
Project("{FAE04EC0-301F-11D3-BF4B-00C04F79EFBC}") = "01.Mongo", "01.Mongo\01.Mongo.csproj", "{414308D9-8B53-46F1-A659-B20E826289B1}"
EndProject
Global
	GlobalSection(SolutionConfigurationPlatforms) = preSolution
		Debug|Any CPU = Debug|Any CPU
		Release|Any CPU = Release|Any CPU
	EndGlobalSection
	GlobalSection(ProjectConfigurationPlatforms) = postSolution
		{414308D9-8B53-46F1-A659-B20E826289B1}.Debug|Any CPU.ActiveCfg = Debug|Any CPU
		{414308D9-8B53-46F1-A659-B20E826289B1}.Debug|Any CPU.Build.0 = Debug|Any CPU
		{414308D9-8B53-46F1-A659-B20E826289B1}.Release|Any CPU.ActiveCfg = Release|Any CPU
		{414308D9-8B53-46F1-A659-B20E826289B1}.Release|Any CPU.Build.0 = Release|Any CPU
	EndGlobalSection
	GlobalSection(SolutionProperties) = preSolution
		HideSolutionNode = FALSE
	EndGlobalSection
EndGlobal
