
Microsoft Visual Studio Solution File, Format Version 12.00
# Visual Studio 2012
Project("{FAE04EC0-301F-11D3-BF4B-00C04F79EFBC}") = "01.KnapsackProblem", "01.KnapsackProblem\01.KnapsackProblem.csproj", "{30D49D9B-033D-420E-8A51-36D6549A9585}"
EndProject
Project("{FAE04EC0-301F-11D3-BF4B-00C04F79EFBC}") = "02.MinimumEditDistance", "02.MinimumEditDistance\02.MinimumEditDistance.csproj", "{BB130C28-9531-4978-BE13-AE2EE352B102}"
EndProject
Global
	GlobalSection(SolutionConfigurationPlatforms) = preSolution
		Debug|Any CPU = Debug|Any CPU
		Release|Any CPU = Release|Any CPU
	EndGlobalSection
	GlobalSection(ProjectConfigurationPlatforms) = postSolution
		{30D49D9B-033D-420E-8A51-36D6549A9585}.Debug|Any CPU.ActiveCfg = Debug|Any CPU
		{30D49D9B-033D-420E-8A51-36D6549A9585}.Debug|Any CPU.Build.0 = Debug|Any CPU
		{30D49D9B-033D-420E-8A51-36D6549A9585}.Release|Any CPU.ActiveCfg = Release|Any CPU
		{30D49D9B-033D-420E-8A51-36D6549A9585}.Release|Any CPU.Build.0 = Release|Any CPU
		{BB130C28-9531-4978-BE13-AE2EE352B102}.Debug|Any CPU.ActiveCfg = Debug|Any CPU
		{BB130C28-9531-4978-BE13-AE2EE352B102}.Debug|Any CPU.Build.0 = Debug|Any CPU
		{BB130C28-9531-4978-BE13-AE2EE352B102}.Release|Any CPU.ActiveCfg = Release|Any CPU
		{BB130C28-9531-4978-BE13-AE2EE352B102}.Release|Any CPU.Build.0 = Release|Any CPU
	EndGlobalSection
	GlobalSection(SolutionProperties) = preSolution
		HideSolutionNode = FALSE
	EndGlobalSection
EndGlobal
