
Microsoft Visual Studio Solution File, Format Version 12.00
# Visual Studio 2013
VisualStudioVersion = 12.0.20617.1 PREVIEW
MinimumVisualStudioVersion = 10.0.40219.1
Project("{FAE04EC0-301F-11D3-BF4B-00C04F79EFBC}") = "01.SimpleASPXPage", "01.SimpleASPXPage\01.SimpleASPXPage.csproj", "{4102F85C-C455-4789-A187-84FC4F1CCB1A}"
EndProject
Project("{FAE04EC0-301F-11D3-BF4B-00C04F79EFBC}") = "02.CodeBehind", "02.CodeBehind\02.CodeBehind.csproj", "{46A67767-8048-4A41-B15A-F134DFD473F8}"
EndProject
Project("{FAE04EC0-301F-11D3-BF4B-00C04F79EFBC}") = "03.DumpEvents", "03.DumpEvents\03.DumpEvents.csproj", "{8A94E71F-44A4-46EB-A721-F5E674EB6E2D}"
EndProject
Global
	GlobalSection(SolutionConfigurationPlatforms) = preSolution
		Debug|Any CPU = Debug|Any CPU
		Release|Any CPU = Release|Any CPU
	EndGlobalSection
	GlobalSection(ProjectConfigurationPlatforms) = postSolution
		{4102F85C-C455-4789-A187-84FC4F1CCB1A}.Debug|Any CPU.ActiveCfg = Debug|Any CPU
		{4102F85C-C455-4789-A187-84FC4F1CCB1A}.Debug|Any CPU.Build.0 = Debug|Any CPU
		{4102F85C-C455-4789-A187-84FC4F1CCB1A}.Release|Any CPU.ActiveCfg = Release|Any CPU
		{4102F85C-C455-4789-A187-84FC4F1CCB1A}.Release|Any CPU.Build.0 = Release|Any CPU
		{46A67767-8048-4A41-B15A-F134DFD473F8}.Debug|Any CPU.ActiveCfg = Debug|Any CPU
		{46A67767-8048-4A41-B15A-F134DFD473F8}.Debug|Any CPU.Build.0 = Debug|Any CPU
		{46A67767-8048-4A41-B15A-F134DFD473F8}.Release|Any CPU.ActiveCfg = Release|Any CPU
		{46A67767-8048-4A41-B15A-F134DFD473F8}.Release|Any CPU.Build.0 = Release|Any CPU
		{8A94E71F-44A4-46EB-A721-F5E674EB6E2D}.Debug|Any CPU.ActiveCfg = Debug|Any CPU
		{8A94E71F-44A4-46EB-A721-F5E674EB6E2D}.Debug|Any CPU.Build.0 = Debug|Any CPU
		{8A94E71F-44A4-46EB-A721-F5E674EB6E2D}.Release|Any CPU.ActiveCfg = Release|Any CPU
		{8A94E71F-44A4-46EB-A721-F5E674EB6E2D}.Release|Any CPU.Build.0 = Release|Any CPU
	EndGlobalSection
	GlobalSection(SolutionProperties) = preSolution
		HideSolutionNode = FALSE
	EndGlobalSection
EndGlobal
