
Microsoft Visual Studio Solution File, Format Version 12.00
# Visual Studio 2012
Project("{FAE04EC0-301F-11D3-BF4B-00C04F79EFBC}") = "TestContext", "TestContext\TestContext.csproj", "{855AD559-7117-47D9-982D-79184C256A0B}"
EndProject
Project("{FAE04EC0-301F-11D3-BF4B-00C04F79EFBC}") = "Northwind.data", "Northwind.data\Northwind.data.csproj", "{0FED2C4A-77CD-4B2D-B31A-A108408E0FDF}"
EndProject
Project("{FAE04EC0-301F-11D3-BF4B-00C04F79EFBC}") = "DAOClass", "DAO\DAOClass.csproj", "{EF742539-D232-4431-B81E-02A00BD34EB6}"
EndProject
Project("{FAE04EC0-301F-11D3-BF4B-00C04F79EFBC}") = "CustomerOrdersToCanada1997", "CustomerOrdersToCanada1997\CustomerOrdersToCanada1997.csproj", "{102EB48A-C52F-40A4-B7F5-C523791A688F}"
EndProject
Project("{FAE04EC0-301F-11D3-BF4B-00C04F79EFBC}") = "QueryCustomerOrdersToCanada1997", "QueryCustomerOrdersToCanada1997\QueryCustomerOrdersToCanada1997.csproj", "{48434F34-3BF5-4D99-99BD-FB2F1983E20A}"
EndProject
Project("{FAE04EC0-301F-11D3-BF4B-00C04F79EFBC}") = "FindSalesByPeriodAndRegion", "FindSalesByPeriodAndRegion\FindSalesByPeriodAndRegion.csproj", "{116D1C72-5BFE-411C-9219-3D443C1E8ABD}"
EndProject
Project("{FAE04EC0-301F-11D3-BF4B-00C04F79EFBC}") = "SecondContext", "SecondContext\SecondContext.csproj", "{096C66C8-1780-4473-B70D-1ABFC8233ECD}"
EndProject
Project("{FAE04EC0-301F-11D3-BF4B-00C04F79EFBC}") = "InsertOrderWithTransaction", "InsertOrderWithTransaction\InsertOrderWithTransaction.csproj", "{17464A3F-3A1F-4DF0-A4CC-62111E4DE184}"
EndProject
Project("{FAE04EC0-301F-11D3-BF4B-00C04F79EFBC}") = "ExecuteStoreProcedure", "ExecuteStoreProcedure\ExecuteStoreProcedure.csproj", "{2EF64838-AD72-4DA2-AFA8-1EED65124756}"
EndProject
Project("{FAE04EC0-301F-11D3-BF4B-00C04F79EFBC}") = "UsersGroups.data", "UsersGroups.data\UsersGroups.data.csproj", "{0959C16F-8B55-4C3E-A926-AEF6F36A9BA5}"
EndProject
Project("{FAE04EC0-301F-11D3-BF4B-00C04F79EFBC}") = "UsersAndGroups", "UsersAndGroups\UsersAndGroups.csproj", "{798277C2-0CF3-41B0-BB5C-2E3CC3C2AE9D}"
EndProject
Global
	GlobalSection(SolutionConfigurationPlatforms) = preSolution
		Debug|Any CPU = Debug|Any CPU
		Release|Any CPU = Release|Any CPU
	EndGlobalSection
	GlobalSection(ProjectConfigurationPlatforms) = postSolution
		{855AD559-7117-47D9-982D-79184C256A0B}.Debug|Any CPU.ActiveCfg = Debug|Any CPU
		{855AD559-7117-47D9-982D-79184C256A0B}.Debug|Any CPU.Build.0 = Debug|Any CPU
		{855AD559-7117-47D9-982D-79184C256A0B}.Release|Any CPU.ActiveCfg = Release|Any CPU
		{855AD559-7117-47D9-982D-79184C256A0B}.Release|Any CPU.Build.0 = Release|Any CPU
		{0FED2C4A-77CD-4B2D-B31A-A108408E0FDF}.Debug|Any CPU.ActiveCfg = Debug|Any CPU
		{0FED2C4A-77CD-4B2D-B31A-A108408E0FDF}.Debug|Any CPU.Build.0 = Debug|Any CPU
		{0FED2C4A-77CD-4B2D-B31A-A108408E0FDF}.Release|Any CPU.ActiveCfg = Release|Any CPU
		{0FED2C4A-77CD-4B2D-B31A-A108408E0FDF}.Release|Any CPU.Build.0 = Release|Any CPU
		{EF742539-D232-4431-B81E-02A00BD34EB6}.Debug|Any CPU.ActiveCfg = Debug|Any CPU
		{EF742539-D232-4431-B81E-02A00BD34EB6}.Debug|Any CPU.Build.0 = Debug|Any CPU
		{EF742539-D232-4431-B81E-02A00BD34EB6}.Release|Any CPU.ActiveCfg = Release|Any CPU
		{EF742539-D232-4431-B81E-02A00BD34EB6}.Release|Any CPU.Build.0 = Release|Any CPU
		{102EB48A-C52F-40A4-B7F5-C523791A688F}.Debug|Any CPU.ActiveCfg = Debug|Any CPU
		{102EB48A-C52F-40A4-B7F5-C523791A688F}.Debug|Any CPU.Build.0 = Debug|Any CPU
		{102EB48A-C52F-40A4-B7F5-C523791A688F}.Release|Any CPU.ActiveCfg = Release|Any CPU
		{102EB48A-C52F-40A4-B7F5-C523791A688F}.Release|Any CPU.Build.0 = Release|Any CPU
		{48434F34-3BF5-4D99-99BD-FB2F1983E20A}.Debug|Any CPU.ActiveCfg = Debug|Any CPU
		{48434F34-3BF5-4D99-99BD-FB2F1983E20A}.Debug|Any CPU.Build.0 = Debug|Any CPU
		{48434F34-3BF5-4D99-99BD-FB2F1983E20A}.Release|Any CPU.ActiveCfg = Release|Any CPU
		{48434F34-3BF5-4D99-99BD-FB2F1983E20A}.Release|Any CPU.Build.0 = Release|Any CPU
		{116D1C72-5BFE-411C-9219-3D443C1E8ABD}.Debug|Any CPU.ActiveCfg = Debug|Any CPU
		{116D1C72-5BFE-411C-9219-3D443C1E8ABD}.Debug|Any CPU.Build.0 = Debug|Any CPU
		{116D1C72-5BFE-411C-9219-3D443C1E8ABD}.Release|Any CPU.ActiveCfg = Release|Any CPU
		{116D1C72-5BFE-411C-9219-3D443C1E8ABD}.Release|Any CPU.Build.0 = Release|Any CPU
		{096C66C8-1780-4473-B70D-1ABFC8233ECD}.Debug|Any CPU.ActiveCfg = Debug|Any CPU
		{096C66C8-1780-4473-B70D-1ABFC8233ECD}.Debug|Any CPU.Build.0 = Debug|Any CPU
		{096C66C8-1780-4473-B70D-1ABFC8233ECD}.Release|Any CPU.ActiveCfg = Release|Any CPU
		{096C66C8-1780-4473-B70D-1ABFC8233ECD}.Release|Any CPU.Build.0 = Release|Any CPU
		{17464A3F-3A1F-4DF0-A4CC-62111E4DE184}.Debug|Any CPU.ActiveCfg = Debug|Any CPU
		{17464A3F-3A1F-4DF0-A4CC-62111E4DE184}.Debug|Any CPU.Build.0 = Debug|Any CPU
		{17464A3F-3A1F-4DF0-A4CC-62111E4DE184}.Release|Any CPU.ActiveCfg = Release|Any CPU
		{17464A3F-3A1F-4DF0-A4CC-62111E4DE184}.Release|Any CPU.Build.0 = Release|Any CPU
		{2EF64838-AD72-4DA2-AFA8-1EED65124756}.Debug|Any CPU.ActiveCfg = Debug|Any CPU
		{2EF64838-AD72-4DA2-AFA8-1EED65124756}.Debug|Any CPU.Build.0 = Debug|Any CPU
		{2EF64838-AD72-4DA2-AFA8-1EED65124756}.Release|Any CPU.ActiveCfg = Release|Any CPU
		{2EF64838-AD72-4DA2-AFA8-1EED65124756}.Release|Any CPU.Build.0 = Release|Any CPU
		{0959C16F-8B55-4C3E-A926-AEF6F36A9BA5}.Debug|Any CPU.ActiveCfg = Debug|Any CPU
		{0959C16F-8B55-4C3E-A926-AEF6F36A9BA5}.Debug|Any CPU.Build.0 = Debug|Any CPU
		{0959C16F-8B55-4C3E-A926-AEF6F36A9BA5}.Release|Any CPU.ActiveCfg = Release|Any CPU
		{0959C16F-8B55-4C3E-A926-AEF6F36A9BA5}.Release|Any CPU.Build.0 = Release|Any CPU
		{798277C2-0CF3-41B0-BB5C-2E3CC3C2AE9D}.Debug|Any CPU.ActiveCfg = Debug|Any CPU
		{798277C2-0CF3-41B0-BB5C-2E3CC3C2AE9D}.Debug|Any CPU.Build.0 = Debug|Any CPU
		{798277C2-0CF3-41B0-BB5C-2E3CC3C2AE9D}.Release|Any CPU.ActiveCfg = Release|Any CPU
		{798277C2-0CF3-41B0-BB5C-2E3CC3C2AE9D}.Release|Any CPU.Build.0 = Release|Any CPU
	EndGlobalSection
	GlobalSection(SolutionProperties) = preSolution
		HideSolutionNode = FALSE
	EndGlobalSection
EndGlobal
