
Microsoft Visual Studio Solution File, Format Version 12.00
# Visual Studio 2013
VisualStudioVersion = 12.0.20617.1 PREVIEW
MinimumVisualStudioVersion = 10.0.40219.1
Project("{FAE04EC0-301F-11D3-BF4B-00C04F79EFBC}") = "01.RegistrationFormaValidation", "01.RegistrationFormaValidation\01.RegistrationFormaValidation.csproj", "{9772D678-1ACC-4CF9-842D-9CCCEE0ABEE1}"
EndProject
Project("{FAE04EC0-301F-11D3-BF4B-00C04F79EFBC}") = "02.ValidationGroups", "02.ValidationGroups\02.ValidationGroups.csproj", "{232F7BD2-49F6-4039-9E83-2C1CDD847922}"
EndProject
Global
	GlobalSection(SolutionConfigurationPlatforms) = preSolution
		Debug|Any CPU = Debug|Any CPU
		Release|Any CPU = Release|Any CPU
	EndGlobalSection
	GlobalSection(ProjectConfigurationPlatforms) = postSolution
		{9772D678-1ACC-4CF9-842D-9CCCEE0ABEE1}.Debug|Any CPU.ActiveCfg = Debug|Any CPU
		{9772D678-1ACC-4CF9-842D-9CCCEE0ABEE1}.Debug|Any CPU.Build.0 = Debug|Any CPU
		{9772D678-1ACC-4CF9-842D-9CCCEE0ABEE1}.Release|Any CPU.ActiveCfg = Release|Any CPU
		{9772D678-1ACC-4CF9-842D-9CCCEE0ABEE1}.Release|Any CPU.Build.0 = Release|Any CPU
		{232F7BD2-49F6-4039-9E83-2C1CDD847922}.Debug|Any CPU.ActiveCfg = Debug|Any CPU
		{232F7BD2-49F6-4039-9E83-2C1CDD847922}.Debug|Any CPU.Build.0 = Debug|Any CPU
		{232F7BD2-49F6-4039-9E83-2C1CDD847922}.Release|Any CPU.ActiveCfg = Release|Any CPU
		{232F7BD2-49F6-4039-9E83-2C1CDD847922}.Release|Any CPU.Build.0 = Release|Any CPU
	EndGlobalSection
	GlobalSection(SolutionProperties) = preSolution
		HideSolutionNode = FALSE
	EndGlobalSection
EndGlobal
