
Microsoft Visual Studio Solution File, Format Version 12.00
# Visual Studio 2012
Project("{FAE04EC0-301F-11D3-BF4B-00C04F79EFBC}") = "01.NumRows", "01.NumRows\01.NumRows.csproj", "{937801F6-88A0-4E69-BAB4-BBAA0BCAE4A5}"
EndProject
Project("{FAE04EC0-301F-11D3-BF4B-00C04F79EFBC}") = "02.RetriveNameAndDescrFromCats", "02.RetriveNameAndDescrFromCats\02.RetriveNameAndDescrFromCats.csproj", "{7E928995-5F6D-4D5C-9DF4-D37CF232EB32}"
EndProject
Project("{FAE04EC0-301F-11D3-BF4B-00C04F79EFBC}") = "03.ProductsInCategory", "03.ProductsInCategory\03.ProductsInCategory.csproj", "{93FE07D0-BF24-4689-ABB3-5830C0922037}"
EndProject
Project("{FAE04EC0-301F-11D3-BF4B-00C04F79EFBC}") = "04.AddProduct", "04.AddProduct\04.AddProduct.csproj", "{72A7263F-4492-4399-9805-0E711B7E6DF7}"
EndProject
Project("{FAE04EC0-301F-11D3-BF4B-00C04F79EFBC}") = "05.GetImagesFromNorthwind", "05.GetImagesFromNorthwind\05.GetImagesFromNorthwind.csproj", "{64BBA806-CA1E-4087-A28F-011C67A13441}"
EndProject
Project("{FAE04EC0-301F-11D3-BF4B-00C04F79EFBC}") = "06 07.ReadFromExcel", "06.ReadFromExcel\06 07.ReadFromExcel.csproj", "{60E39A58-CF39-4FAF-984F-41ABABFA3768}"
EndProject
Global
	GlobalSection(SolutionConfigurationPlatforms) = preSolution
		Debug|Any CPU = Debug|Any CPU
		Release|Any CPU = Release|Any CPU
	EndGlobalSection
	GlobalSection(ProjectConfigurationPlatforms) = postSolution
		{937801F6-88A0-4E69-BAB4-BBAA0BCAE4A5}.Debug|Any CPU.ActiveCfg = Debug|Any CPU
		{937801F6-88A0-4E69-BAB4-BBAA0BCAE4A5}.Debug|Any CPU.Build.0 = Debug|Any CPU
		{937801F6-88A0-4E69-BAB4-BBAA0BCAE4A5}.Release|Any CPU.ActiveCfg = Release|Any CPU
		{937801F6-88A0-4E69-BAB4-BBAA0BCAE4A5}.Release|Any CPU.Build.0 = Release|Any CPU
		{7E928995-5F6D-4D5C-9DF4-D37CF232EB32}.Debug|Any CPU.ActiveCfg = Debug|Any CPU
		{7E928995-5F6D-4D5C-9DF4-D37CF232EB32}.Debug|Any CPU.Build.0 = Debug|Any CPU
		{7E928995-5F6D-4D5C-9DF4-D37CF232EB32}.Release|Any CPU.ActiveCfg = Release|Any CPU
		{7E928995-5F6D-4D5C-9DF4-D37CF232EB32}.Release|Any CPU.Build.0 = Release|Any CPU
		{93FE07D0-BF24-4689-ABB3-5830C0922037}.Debug|Any CPU.ActiveCfg = Debug|Any CPU
		{93FE07D0-BF24-4689-ABB3-5830C0922037}.Debug|Any CPU.Build.0 = Debug|Any CPU
		{93FE07D0-BF24-4689-ABB3-5830C0922037}.Release|Any CPU.ActiveCfg = Release|Any CPU
		{93FE07D0-BF24-4689-ABB3-5830C0922037}.Release|Any CPU.Build.0 = Release|Any CPU
		{72A7263F-4492-4399-9805-0E711B7E6DF7}.Debug|Any CPU.ActiveCfg = Debug|Any CPU
		{72A7263F-4492-4399-9805-0E711B7E6DF7}.Debug|Any CPU.Build.0 = Debug|Any CPU
		{72A7263F-4492-4399-9805-0E711B7E6DF7}.Release|Any CPU.ActiveCfg = Release|Any CPU
		{72A7263F-4492-4399-9805-0E711B7E6DF7}.Release|Any CPU.Build.0 = Release|Any CPU
		{64BBA806-CA1E-4087-A28F-011C67A13441}.Debug|Any CPU.ActiveCfg = Debug|Any CPU
		{64BBA806-CA1E-4087-A28F-011C67A13441}.Debug|Any CPU.Build.0 = Debug|Any CPU
		{64BBA806-CA1E-4087-A28F-011C67A13441}.Release|Any CPU.ActiveCfg = Release|Any CPU
		{64BBA806-CA1E-4087-A28F-011C67A13441}.Release|Any CPU.Build.0 = Release|Any CPU
		{60E39A58-CF39-4FAF-984F-41ABABFA3768}.Debug|Any CPU.ActiveCfg = Debug|Any CPU
		{60E39A58-CF39-4FAF-984F-41ABABFA3768}.Debug|Any CPU.Build.0 = Debug|Any CPU
		{60E39A58-CF39-4FAF-984F-41ABABFA3768}.Release|Any CPU.ActiveCfg = Release|Any CPU
		{60E39A58-CF39-4FAF-984F-41ABABFA3768}.Release|Any CPU.Build.0 = Release|Any CPU
	EndGlobalSection
	GlobalSection(SolutionProperties) = preSolution
		HideSolutionNode = FALSE
	EndGlobalSection
EndGlobal
