
Microsoft Visual Studio Solution File, Format Version 12.00
# Visual Studio 2012
Project("{FAE04EC0-301F-11D3-BF4B-00C04F79EFBC}") = "01.LeapYear", "01.LeapYear\01.LeapYear.csproj", "{2FC7A01A-692A-446E-8963-BAEF229758CD}"
EndProject
Project("{FAE04EC0-301F-11D3-BF4B-00C04F79EFBC}") = "02.RandomNumbers", "02.Random\02.RandomNumbers.csproj", "{833B3BE0-E69D-4194-AF9F-346D8B66D1E1}"
EndProject
Project("{FAE04EC0-301F-11D3-BF4B-00C04F79EFBC}") = "03.Day", "03.Day\03.Day.csproj", "{8EA098AE-366F-499C-B6A3-621E82D3336B}"
EndProject
Project("{FAE04EC0-301F-11D3-BF4B-00C04F79EFBC}") = "04.TriangleSurface", "04.TriangleSurface\04.TriangleSurface.csproj", "{1E01D992-A212-4523-AB5E-BB47D5E3FE88}"
EndProject
Project("{FAE04EC0-301F-11D3-BF4B-00C04F79EFBC}") = "05.WorkDays", "05.WorkDays\05.WorkDays.csproj", "{54FAA6B5-497C-435C-AB3C-69AF8C0DA3AC}"
EndProject
Project("{FAE04EC0-301F-11D3-BF4B-00C04F79EFBC}") = "06.StringSequenceSum", "06.StringSequenceSum\06.StringSequenceSum.csproj", "{497DD4EF-6FBA-4C72-8984-A70A6D98C123}"
EndProject
Global
	GlobalSection(SolutionConfigurationPlatforms) = preSolution
		Debug|Any CPU = Debug|Any CPU
		Release|Any CPU = Release|Any CPU
	EndGlobalSection
	GlobalSection(ProjectConfigurationPlatforms) = postSolution
		{2FC7A01A-692A-446E-8963-BAEF229758CD}.Debug|Any CPU.ActiveCfg = Debug|Any CPU
		{2FC7A01A-692A-446E-8963-BAEF229758CD}.Debug|Any CPU.Build.0 = Debug|Any CPU
		{2FC7A01A-692A-446E-8963-BAEF229758CD}.Release|Any CPU.ActiveCfg = Release|Any CPU
		{2FC7A01A-692A-446E-8963-BAEF229758CD}.Release|Any CPU.Build.0 = Release|Any CPU
		{833B3BE0-E69D-4194-AF9F-346D8B66D1E1}.Debug|Any CPU.ActiveCfg = Debug|Any CPU
		{833B3BE0-E69D-4194-AF9F-346D8B66D1E1}.Debug|Any CPU.Build.0 = Debug|Any CPU
		{833B3BE0-E69D-4194-AF9F-346D8B66D1E1}.Release|Any CPU.ActiveCfg = Release|Any CPU
		{833B3BE0-E69D-4194-AF9F-346D8B66D1E1}.Release|Any CPU.Build.0 = Release|Any CPU
		{8EA098AE-366F-499C-B6A3-621E82D3336B}.Debug|Any CPU.ActiveCfg = Debug|Any CPU
		{8EA098AE-366F-499C-B6A3-621E82D3336B}.Debug|Any CPU.Build.0 = Debug|Any CPU
		{8EA098AE-366F-499C-B6A3-621E82D3336B}.Release|Any CPU.ActiveCfg = Release|Any CPU
		{8EA098AE-366F-499C-B6A3-621E82D3336B}.Release|Any CPU.Build.0 = Release|Any CPU
		{1E01D992-A212-4523-AB5E-BB47D5E3FE88}.Debug|Any CPU.ActiveCfg = Debug|Any CPU
		{1E01D992-A212-4523-AB5E-BB47D5E3FE88}.Debug|Any CPU.Build.0 = Debug|Any CPU
		{1E01D992-A212-4523-AB5E-BB47D5E3FE88}.Release|Any CPU.ActiveCfg = Release|Any CPU
		{1E01D992-A212-4523-AB5E-BB47D5E3FE88}.Release|Any CPU.Build.0 = Release|Any CPU
		{54FAA6B5-497C-435C-AB3C-69AF8C0DA3AC}.Debug|Any CPU.ActiveCfg = Debug|Any CPU
		{54FAA6B5-497C-435C-AB3C-69AF8C0DA3AC}.Debug|Any CPU.Build.0 = Debug|Any CPU
		{54FAA6B5-497C-435C-AB3C-69AF8C0DA3AC}.Release|Any CPU.ActiveCfg = Release|Any CPU
		{54FAA6B5-497C-435C-AB3C-69AF8C0DA3AC}.Release|Any CPU.Build.0 = Release|Any CPU
		{497DD4EF-6FBA-4C72-8984-A70A6D98C123}.Debug|Any CPU.ActiveCfg = Debug|Any CPU
		{497DD4EF-6FBA-4C72-8984-A70A6D98C123}.Debug|Any CPU.Build.0 = Debug|Any CPU
		{497DD4EF-6FBA-4C72-8984-A70A6D98C123}.Release|Any CPU.ActiveCfg = Release|Any CPU
		{497DD4EF-6FBA-4C72-8984-A70A6D98C123}.Release|Any CPU.Build.0 = Release|Any CPU
	EndGlobalSection
	GlobalSection(SolutionProperties) = preSolution
		HideSolutionNode = FALSE
	EndGlobalSection
EndGlobal
