
Microsoft Visual Studio Solution File, Format Version 12.00
# Visual Studio 2012
Project("{FAE04EC0-301F-11D3-BF4B-00C04F79EFBC}") = "KPK ex1", "KPK ex1\KPK ex1.csproj", "{81FFFD73-84C4-4498-BD2E-96B38CA542B2}"
EndProject
Global
	GlobalSection(SolutionConfigurationPlatforms) = preSolution
		Debug|Any CPU = Debug|Any CPU
		Release|Any CPU = Release|Any CPU
	EndGlobalSection
	GlobalSection(ProjectConfigurationPlatforms) = postSolution
		{81FFFD73-84C4-4498-BD2E-96B38CA542B2}.Debug|Any CPU.ActiveCfg = Debug|Any CPU
		{81FFFD73-84C4-4498-BD2E-96B38CA542B2}.Debug|Any CPU.Build.0 = Debug|Any CPU
		{81FFFD73-84C4-4498-BD2E-96B38CA542B2}.Release|Any CPU.ActiveCfg = Release|Any CPU
		{81FFFD73-84C4-4498-BD2E-96B38CA542B2}.Release|Any CPU.Build.0 = Release|Any CPU
	EndGlobalSection
	GlobalSection(SolutionProperties) = preSolution
		HideSolutionNode = FALSE
	EndGlobalSection
EndGlobal
